
Microsoft Visual Studio Solution File, Format Version 12.00
# Visual Studio Version 16
VisualStudioVersion = 16.0.30804.86
MinimumVisualStudioVersion = 10.0.40219.1
Project("{8BC9CEB8-8B4A-11D0-8D11-00A0C91BC942}") = "SFML", "SFML.vcxproj", "{00CA7F0D-1416-4AC8-9F4D-2B0D48C644BD}"
EndProject
Global
	GlobalSection(SolutionConfigurationPlatforms) = preSolution
		Debug|x64 = Debug|x64
		Debug|x86 = Debug|x86
		Release|x64 = Release|x64
		Release|x86 = Release|x86
	EndGlobalSection
	GlobalSection(ProjectConfigurationPlatforms) = postSolution
		{00CA7F0D-1416-4AC8-9F4D-2B0D48C644BD}.Debug|x64.ActiveCfg = Debug|x64
		{00CA7F0D-1416-4AC8-9F4D-2B0D48C644BD}.Debug|x64.Build.0 = Debug|x64
		{00CA7F0D-1416-4AC8-9F4D-2B0D48C644BD}.Debug|x86.ActiveCfg = Debug|Win32
		{00CA7F0D-1416-4AC8-9F4D-2B0D48C644BD}.Debug|x86.Build.0 = Debug|Win32
		{00CA7F0D-1416-4AC8-9F4D-2B0D48C644BD}.Release|x64.ActiveCfg = Release|x64
		{00CA7F0D-1416-4AC8-9F4D-2B0D48C644BD}.Release|x64.Build.0 = Release|x64
		{00CA7F0D-1416-4AC8-9F4D-2B0D48C644BD}.Release|x86.ActiveCfg = Release|Win32
		{00CA7F0D-1416-4AC8-9F4D-2B0D48C644BD}.Release|x86.Build.0 = Release|Win32
	EndGlobalSection
	GlobalSection(SolutionProperties) = preSolution
		HideSolutionNode = FALSE
	EndGlobalSection
	GlobalSection(ExtensibilityGlobals) = postSolution
		SolutionGuid = {7CB80A62-A2CF-452E-A3C4-A85F8B6AEED8}
	EndGlobalSection
EndGlobal
